{
  "name": "contrib-ola",
  "lockfileVersion": 3,
  "requires": true,
  "packages": {
    "": {
      "dependencies": {
        "node-red-contrib-ola": "^0.0.4"
      }
    },
    "node_modules/node-red-contrib-ola": {
      "version": "0.0.4",
      "resolved": "https://registry.npmjs.org/node-red-contrib-ola/-/node-red-contrib-ola-0.0.4.tgz",
      "integrity": "sha512-jm6UmJhrLuwxC4WqrqOjZUzcbySlYVNlmC//8Uo1c+P263f2aGuujEaI6wmdXfQqPc94h22n16+oLNfZ3ieEEA==",
      "license": "MIT"
    }
  }
}
